
Microsoft Visual Studio Solution File, Format Version 12.00
# Visual Studio Version 16
VisualStudioVersion = 16.0.29709.97
MinimumVisualStudioVersion = 10.0.40219.1
Project("{FAE04EC0-301F-11D3-BF4B-00C04F79EFBC}") = "Exerc3", "Exerc3.csproj", "{BB8E4BD2-28E5-44F7-8872-952674CC3D3F}"
EndProject
Global
	GlobalSection(SolutionConfigurationPlatforms) = preSolution
		Debug|Any CPU = Debug|Any CPU
		Release|Any CPU = Release|Any CPU
	EndGlobalSection
	GlobalSection(ProjectConfigurationPlatforms) = postSolution
		{BB8E4BD2-28E5-44F7-8872-952674CC3D3F}.Debug|Any CPU.ActiveCfg = Debug|Any CPU
		{BB8E4BD2-28E5-44F7-8872-952674CC3D3F}.Debug|Any CPU.Build.0 = Debug|Any CPU
		{BB8E4BD2-28E5-44F7-8872-952674CC3D3F}.Release|Any CPU.ActiveCfg = Release|Any CPU
		{BB8E4BD2-28E5-44F7-8872-952674CC3D3F}.Release|Any CPU.Build.0 = Release|Any CPU
	EndGlobalSection
	GlobalSection(SolutionProperties) = preSolution
		HideSolutionNode = FALSE
	EndGlobalSection
	GlobalSection(ExtensibilityGlobals) = postSolution
		SolutionGuid = {F6F144B7-F0FE-4856-A241-A7FCF4429C56}
	EndGlobalSection
EndGlobal
